<?xml version="1.0" encoding="utf-8"?>
<Project ToolsVersion="4.0" xmlns="http://schemas.microsoft.com/developer/msbuild/2003">
  <ItemGroup>
    <ResourceCompile Include="skygrad.rc" />
  </ItemGroup>
  <ItemGroup>
    <Filter Include="Core">
      <UniqueIdentifier>{0e5453cd-fea8-42bb-8ea5-1ed867799919}</UniqueIdentifier>
    </Filter>
    <Filter Include="Imports">
      <UniqueIdentifier>{d60dc24f-1c9d-440b-a01b-2f9e93d788a4}</UniqueIdentifier>
    </Filter>
    <Filter Include="Game">
      <UniqueIdentifier>{08ef8c95-79db-48cc-8678-0115bcb3e5d7}</UniqueIdentifier>
    </Filter>
  </ItemGroup>
  <ItemGroup>
    <ClCompile Include="DllMain.cpp" />
    <ClCompile Include="StdInc.cpp" />
    <ClCompile Include="Core\Inject.cpp">
      <Filter>Core</Filter>
    </ClCompile>
    <ClCompile Include="Game\CVector.cpp">
      <Filter>Game</Filter>
    </ClCompile>
    <ClCompile Include="Game\CWeather.cpp">
      <Filter>Game</Filter>
    </ClCompile>
    <ClCompile Include="Game\RenderWare.cpp">
      <Filter>Game</Filter>
    </ClCompile>
    <ClCompile Include="Game\CClouds.cpp">
      <Filter>Game</Filter>
    </ClCompile>
    <ClCompile Include="Game\CColourSet.cpp">
      <Filter>Game</Filter>
    </ClCompile>
    <ClCompile Include="Game\CDraw.cpp">
      <Filter>Game</Filter>
    </ClCompile>
    <ClCompile Include="Game\CPostEffects.cpp">
      <Filter>Game</Filter>
    </ClCompile>
    <ClCompile Include="Game\CTimeCycle.cpp">
      <Filter>Game</Filter>
    </ClCompile>
  </ItemGroup>
  <ItemGroup>
    <ClInclude Include="StdInc.h" />
    <ClInclude Include="Imports\Underground.hpp">
      <Filter>Imports</Filter>
    </ClInclude>
    <ClInclude Include="Core\Hook.h">
      <Filter>Core</Filter>
    </ClInclude>
    <ClInclude Include="Core\Inject.h">
      <Filter>Core</Filter>
    </ClInclude>
    <ClInclude Include="Game\CVector.h">
      <Filter>Game</Filter>
    </ClInclude>
    <ClInclude Include="Game\CVector2D.h">
      <Filter>Game</Filter>
    </ClInclude>
    <ClInclude Include="Game\CWeather.h">
      <Filter>Game</Filter>
    </ClInclude>
    <ClInclude Include="Game\RenderWare.h">
      <Filter>Game</Filter>
    </ClInclude>
    <ClInclude Include="Game\CCamera.h">
      <Filter>Game</Filter>
    </ClInclude>
    <ClInclude Include="Game\CClouds.h">
      <Filter>Game</Filter>
    </ClInclude>
    <ClInclude Include="Game\CColourSet.h">
      <Filter>Game</Filter>
    </ClInclude>
    <ClInclude Include="Game\CDraw.h">
      <Filter>Game</Filter>
    </ClInclude>
    <ClInclude Include="Game\CGame.h">
      <Filter>Game</Filter>
    </ClInclude>
    <ClInclude Include="Game\CMatrix.h">
      <Filter>Game</Filter>
    </ClInclude>
    <ClInclude Include="Game\CMatrixLink.h">
      <Filter>Game</Filter>
    </ClInclude>
    <ClInclude Include="Game\CPlaceable.h">
      <Filter>Game</Filter>
    </ClInclude>
    <ClInclude Include="Game\CPostEffects.h">
      <Filter>Game</Filter>
    </ClInclude>
    <ClInclude Include="Game\CRGBA.h">
      <Filter>Game</Filter>
    </ClInclude>
    <ClInclude Include="Game\CSimpleTransform.h">
      <Filter>Game</Filter>
    </ClInclude>
    <ClInclude Include="Game\CTimeCycle.h">
      <Filter>Game</Filter>
    </ClInclude>
  </ItemGroup>
</Project>